
Microsoft Visual Studio Solution File, Format Version 12.00
# Visual Studio Version 17
VisualStudioVersion = 17.9.34701.34
MinimumVisualStudioVersion = 10.0.40219.1
Project("{FAE04EC0-301F-11D3-BF4B-00C04F79EFBC}") = "WPF", "WPF\WPF.csproj", "{9DFB7238-7B5B-453A-B720-46D97FD66A0A}"
EndProject
Global
	GlobalSection(SolutionConfigurationPlatforms) = preSolution
		Debug|Any CPU = Debug|Any CPU
		Release|Any CPU = Release|Any CPU
	EndGlobalSection
	GlobalSection(ProjectConfigurationPlatforms) = postSolution
		{9DFB7238-7B5B-453A-B720-46D97FD66A0A}.Debug|Any CPU.ActiveCfg = Debug|Any CPU
		{9DFB7238-7B5B-453A-B720-46D97FD66A0A}.Debug|Any CPU.Build.0 = Debug|Any CPU
		{9DFB7238-7B5B-453A-B720-46D97FD66A0A}.Release|Any CPU.ActiveCfg = Release|Any CPU
		{9DFB7238-7B5B-453A-B720-46D97FD66A0A}.Release|Any CPU.Build.0 = Release|Any CPU
	EndGlobalSection
	GlobalSection(SolutionProperties) = preSolution
		HideSolutionNode = FALSE
	EndGlobalSection
	GlobalSection(ExtensibilityGlobals) = postSolution
		SolutionGuid = {7EE8170A-E834-459A-9F0A-FB4D891CAF44}
	EndGlobalSection
EndGlobal
